
Microsoft Visual Studio Solution File, Format Version 12.00
Project("{FAE04EC0-301F-11D3-BF4B-00C04F79EFBC}") = "Lab5", "Lab5\Lab5.csproj", "{16542ECA-26CB-4C64-9F06-68C3CDA392C6}"
EndProject
Global
	GlobalSection(SolutionConfigurationPlatforms) = preSolution
		Debug|Any CPU = Debug|Any CPU
		Release|Any CPU = Release|Any CPU
	EndGlobalSection
	GlobalSection(ProjectConfigurationPlatforms) = postSolution
		{16542ECA-26CB-4C64-9F06-68C3CDA392C6}.Debug|Any CPU.ActiveCfg = Debug|Any CPU
		{16542ECA-26CB-4C64-9F06-68C3CDA392C6}.Debug|Any CPU.Build.0 = Debug|Any CPU
		{16542ECA-26CB-4C64-9F06-68C3CDA392C6}.Release|Any CPU.ActiveCfg = Release|Any CPU
		{16542ECA-26CB-4C64-9F06-68C3CDA392C6}.Release|Any CPU.Build.0 = Release|Any CPU
	EndGlobalSection
EndGlobal
